
Microsoft Visual Studio Solution File, Format Version 12.00
# Visual Studio Version 17
VisualStudioVersion = 17.11.35208.52
MinimumVisualStudioVersion = 10.0.40219.1
Project("{2150E333-8FDC-42A3-9474-1A3956D46DE8}") = "2. Source", "2. Source", "{1BC6E358-063D-4E53-A821-27E1F8E0886D}"
	ProjectSection(SolutionItems) = preProject
		Source\ReadMe.md = Source\ReadMe.md
	EndProjectSection
EndProject
Project("{2150E333-8FDC-42A3-9474-1A3956D46DE8}") = "1. Documentation", "1. Documentation", "{BC9D6E40-3985-4AE4-A07D-45C5CA877A6C}"
	ProjectSection(SolutionItems) = preProject
		Documentation\ReadMe.md = Documentation\ReadMe.md
	EndProjectSection
EndProject
Project("{2150E333-8FDC-42A3-9474-1A3956D46DE8}") = "3. Tests", "3. Tests", "{7C9C8983-3523-498D-88A7-C70BC8583460}"
	ProjectSection(SolutionItems) = preProject
		Tests\ReadMe.md = Tests\ReadMe.md
	EndProjectSection
EndProject
Project("{2150E333-8FDC-42A3-9474-1A3956D46DE8}") = "4. Test Area", "4. Test Area", "{001C0DF9-D213-45B7-A234-BBCA4473C532}"
	ProjectSection(SolutionItems) = preProject
		Test Area\ReadMe.md = Test Area\ReadMe.md
	EndProjectSection
EndProject
Project("{2150E333-8FDC-42A3-9474-1A3956D46DE8}") = "5. Data", "5. Data", "{6EADE939-5BF7-4411-8D91-8CA47E538477}"
	ProjectSection(SolutionItems) = preProject
		Data\ReadMe.md = Data\ReadMe.md
	EndProjectSection
EndProject
Project("{2150E333-8FDC-42A3-9474-1A3956D46DE8}") = "Diagrams", "Diagrams", "{DDFC588B-C1A8-4FEE-92DD-90699EAA6CF3}"
	ProjectSection(SolutionItems) = preProject
		Documentation\Diagrams\Solution.dgml = Documentation\Diagrams\Solution.dgml
	EndProjectSection
EndProject
Project("{2150E333-8FDC-42A3-9474-1A3956D46DE8}") = "Contosa.DuckStore.OnlineStore (Public Website)", "Contosa.DuckStore.OnlineStore (Public Website)", "{7F0C3B15-2D9E-4A2B-BC0E-4AC77D354F7D}"
EndProject
Project("{2150E333-8FDC-42A3-9474-1A3956D46DE8}") = "Contosa.DuckStore", "Contosa.DuckStore", "{315753C2-F1AC-4BD0-B0A4-2266C903B9E2}"
EndProject
Project("{2150E333-8FDC-42A3-9474-1A3956D46DE8}") = "Contosa.DuckStore.PublicApi (Public Web API)", "Contosa.DuckStore.PublicApi (Public Web API)", "{D97746F8-3830-4009-8B63-7BFA423E94E1}"
EndProject
Project("{2150E333-8FDC-42A3-9474-1A3956D46DE8}") = "Contosa.DuckStore.Central (Web API)", "Contosa.DuckStore.Central (Web API)", "{56634B73-CB21-4AFC-8D7E-3BA510D4AD0A}"
EndProject
Project("{2150E333-8FDC-42A3-9474-1A3956D46DE8}") = "Contosa.DuckStore.Management (Internal Website)", "Contosa.DuckStore.Management (Internal Website)", "{80705126-55FB-4F48-B691-FB644F107B58}"
EndProject
Project("{2150E333-8FDC-42A3-9474-1A3956D46DE8}") = "Contosa (Framework)", "Contosa (Framework)", "{EC227BE6-8CA0-4425-B9E3-D44B74096F73}"
EndProject
Project("{FAE04EC0-301F-11D3-BF4B-00C04F79EFBC}") = "Contosa", "Source\Contosa\Contosa.csproj", "{746CBDBD-5769-4DE8-B118-F89724FDD114}"
EndProject
Project("{FAE04EC0-301F-11D3-BF4B-00C04F79EFBC}") = "Contosa.DuckStore", "Source\Contosa.DuckStore\Contosa.DuckStore.csproj", "{6309A38A-C2B8-4FFA-87B4-EFB97A6F6E53}"
EndProject
Project("{FAE04EC0-301F-11D3-BF4B-00C04F79EFBC}") = "Contosa.DuckStore.PublicApi.WebApi", "Source\Contosa.DuckStore.PublicApi.WebApi\Contosa.DuckStore.PublicApi.WebApi.csproj", "{B079E4B5-6AD6-4EEA-924C-F2FD5AAD59E3}"
EndProject
Project("{FAE04EC0-301F-11D3-BF4B-00C04F79EFBC}") = "Contosa.DuckStore.Central.WebApi", "Source\Contosa.DuckStore.Central.WebApi\Contosa.DuckStore.Central.WebApi.csproj", "{F40829B6-079D-4CF2-9A8D-849C5C12C793}"
EndProject
Project("{FAE04EC0-301F-11D3-BF4B-00C04F79EFBC}") = "Contosa.DuckStore.Central", "Source\Contosa.DuckStore.Central\Contosa.DuckStore.Central.csproj", "{722F657A-6283-49BE-A245-E76894C58BC0}"
EndProject
Project("{FAE04EC0-301F-11D3-BF4B-00C04F79EFBC}") = "Contosa.DuckStore.Central.Business", "Source\Contosa.DuckStore.Central.Business\Contosa.DuckStore.Central.Business.csproj", "{D3AA335C-44B1-4171-8593-9EA781BB6E3B}"
EndProject
Project("{FAE04EC0-301F-11D3-BF4B-00C04F79EFBC}") = "Contosa.DuckStore.Central.DataAccess", "Source\Contosa.DuckStore.Central.DataAccess\Contosa.DuckStore.Central.DataAccess.csproj", "{BBE6CE3B-4448-4BF0-9188-DA53C0ED89DA}"
EndProject
Project("{FAE04EC0-301F-11D3-BF4B-00C04F79EFBC}") = "Contosa.DuckStore.PublicApi.Business", "Source\Contosa.DuckStore.PublicApi.Business\Contosa.DuckStore.PublicApi.Business.csproj", "{275F423C-5776-4493-800F-2143C40E7FE7}"
EndProject
Project("{FAE04EC0-301F-11D3-BF4B-00C04F79EFBC}") = "Contosa.DuckStore.PublicApi.DataAccess", "Source\Contosa.DuckStore.PublicApi.DataAccess\Contosa.DuckStore.PublicApi.DataAccess.csproj", "{D1B71194-7A3D-44A1-B013-A1F239DC9949}"
EndProject
Project("{FAE04EC0-301F-11D3-BF4B-00C04F79EFBC}") = "Contosa.DuckStore.Management.WebApp", "Source\Contosa.DuckStore.Management.WebApp\Contosa.DuckStore.Management.WebApp.csproj", "{9537335A-C881-4D7B-AC53-82A8EC3528C9}"
EndProject
Project("{FAE04EC0-301F-11D3-BF4B-00C04F79EFBC}") = "Contosa.DuckStore.Management.Business", "Source\Contosa.DuckStore.Management.Business\Contosa.DuckStore.Management.Business.csproj", "{7B99757A-59CB-44D2-879B-A89AE718CA73}"
EndProject
Project("{FAE04EC0-301F-11D3-BF4B-00C04F79EFBC}") = "Contosa.DuckStore.Management.DataAccess", "Source\Contosa.DuckStore.Management.DataAccess\Contosa.DuckStore.Management.DataAccess.csproj", "{6B302A66-F1DD-4ADB-8E73-313D5FD75A59}"
EndProject
Project("{FAE04EC0-301F-11D3-BF4B-00C04F79EFBC}") = "Contosa.DuckStore.PublicApi", "Source\Contosa.DuckStore.PublicApi\Contosa.DuckStore.PublicApi.csproj", "{CC767809-352B-4ED5-A029-BFF04FCDCE7E}"
EndProject
Project("{FAE04EC0-301F-11D3-BF4B-00C04F79EFBC}") = "Contosa.DuckStore.Management", "Source\Contosa.DuckStore.Management\Contosa.DuckStore.Management.csproj", "{E42B2BD7-BA65-4F4E-82DC-E7966CAD0F2E}"
EndProject
Global
	GlobalSection(SolutionConfigurationPlatforms) = preSolution
		Debug|Any CPU = Debug|Any CPU
		Release|Any CPU = Release|Any CPU
	EndGlobalSection
	GlobalSection(ProjectConfigurationPlatforms) = postSolution
		{746CBDBD-5769-4DE8-B118-F89724FDD114}.Debug|Any CPU.ActiveCfg = Debug|Any CPU
		{746CBDBD-5769-4DE8-B118-F89724FDD114}.Debug|Any CPU.Build.0 = Debug|Any CPU
		{746CBDBD-5769-4DE8-B118-F89724FDD114}.Release|Any CPU.ActiveCfg = Release|Any CPU
		{746CBDBD-5769-4DE8-B118-F89724FDD114}.Release|Any CPU.Build.0 = Release|Any CPU
		{6309A38A-C2B8-4FFA-87B4-EFB97A6F6E53}.Debug|Any CPU.ActiveCfg = Debug|Any CPU
		{6309A38A-C2B8-4FFA-87B4-EFB97A6F6E53}.Debug|Any CPU.Build.0 = Debug|Any CPU
		{6309A38A-C2B8-4FFA-87B4-EFB97A6F6E53}.Release|Any CPU.ActiveCfg = Release|Any CPU
		{6309A38A-C2B8-4FFA-87B4-EFB97A6F6E53}.Release|Any CPU.Build.0 = Release|Any CPU
		{B079E4B5-6AD6-4EEA-924C-F2FD5AAD59E3}.Debug|Any CPU.ActiveCfg = Debug|Any CPU
		{B079E4B5-6AD6-4EEA-924C-F2FD5AAD59E3}.Debug|Any CPU.Build.0 = Debug|Any CPU
		{B079E4B5-6AD6-4EEA-924C-F2FD5AAD59E3}.Release|Any CPU.ActiveCfg = Release|Any CPU
		{B079E4B5-6AD6-4EEA-924C-F2FD5AAD59E3}.Release|Any CPU.Build.0 = Release|Any CPU
		{F40829B6-079D-4CF2-9A8D-849C5C12C793}.Debug|Any CPU.ActiveCfg = Debug|Any CPU
		{F40829B6-079D-4CF2-9A8D-849C5C12C793}.Debug|Any CPU.Build.0 = Debug|Any CPU
		{F40829B6-079D-4CF2-9A8D-849C5C12C793}.Release|Any CPU.ActiveCfg = Release|Any CPU
		{F40829B6-079D-4CF2-9A8D-849C5C12C793}.Release|Any CPU.Build.0 = Release|Any CPU
		{722F657A-6283-49BE-A245-E76894C58BC0}.Debug|Any CPU.ActiveCfg = Debug|Any CPU
		{722F657A-6283-49BE-A245-E76894C58BC0}.Debug|Any CPU.Build.0 = Debug|Any CPU
		{722F657A-6283-49BE-A245-E76894C58BC0}.Release|Any CPU.ActiveCfg = Release|Any CPU
		{722F657A-6283-49BE-A245-E76894C58BC0}.Release|Any CPU.Build.0 = Release|Any CPU
		{D3AA335C-44B1-4171-8593-9EA781BB6E3B}.Debug|Any CPU.ActiveCfg = Debug|Any CPU
		{D3AA335C-44B1-4171-8593-9EA781BB6E3B}.Debug|Any CPU.Build.0 = Debug|Any CPU
		{D3AA335C-44B1-4171-8593-9EA781BB6E3B}.Release|Any CPU.ActiveCfg = Release|Any CPU
		{D3AA335C-44B1-4171-8593-9EA781BB6E3B}.Release|Any CPU.Build.0 = Release|Any CPU
		{BBE6CE3B-4448-4BF0-9188-DA53C0ED89DA}.Debug|Any CPU.ActiveCfg = Debug|Any CPU
		{BBE6CE3B-4448-4BF0-9188-DA53C0ED89DA}.Debug|Any CPU.Build.0 = Debug|Any CPU
		{BBE6CE3B-4448-4BF0-9188-DA53C0ED89DA}.Release|Any CPU.ActiveCfg = Release|Any CPU
		{BBE6CE3B-4448-4BF0-9188-DA53C0ED89DA}.Release|Any CPU.Build.0 = Release|Any CPU
		{275F423C-5776-4493-800F-2143C40E7FE7}.Debug|Any CPU.ActiveCfg = Debug|Any CPU
		{275F423C-5776-4493-800F-2143C40E7FE7}.Debug|Any CPU.Build.0 = Debug|Any CPU
		{275F423C-5776-4493-800F-2143C40E7FE7}.Release|Any CPU.ActiveCfg = Release|Any CPU
		{275F423C-5776-4493-800F-2143C40E7FE7}.Release|Any CPU.Build.0 = Release|Any CPU
		{D1B71194-7A3D-44A1-B013-A1F239DC9949}.Debug|Any CPU.ActiveCfg = Debug|Any CPU
		{D1B71194-7A3D-44A1-B013-A1F239DC9949}.Debug|Any CPU.Build.0 = Debug|Any CPU
		{D1B71194-7A3D-44A1-B013-A1F239DC9949}.Release|Any CPU.ActiveCfg = Release|Any CPU
		{D1B71194-7A3D-44A1-B013-A1F239DC9949}.Release|Any CPU.Build.0 = Release|Any CPU
		{9537335A-C881-4D7B-AC53-82A8EC3528C9}.Debug|Any CPU.ActiveCfg = Debug|Any CPU
		{9537335A-C881-4D7B-AC53-82A8EC3528C9}.Debug|Any CPU.Build.0 = Debug|Any CPU
		{9537335A-C881-4D7B-AC53-82A8EC3528C9}.Release|Any CPU.ActiveCfg = Release|Any CPU
		{9537335A-C881-4D7B-AC53-82A8EC3528C9}.Release|Any CPU.Build.0 = Release|Any CPU
		{7B99757A-59CB-44D2-879B-A89AE718CA73}.Debug|Any CPU.ActiveCfg = Debug|Any CPU
		{7B99757A-59CB-44D2-879B-A89AE718CA73}.Debug|Any CPU.Build.0 = Debug|Any CPU
		{7B99757A-59CB-44D2-879B-A89AE718CA73}.Release|Any CPU.ActiveCfg = Release|Any CPU
		{7B99757A-59CB-44D2-879B-A89AE718CA73}.Release|Any CPU.Build.0 = Release|Any CPU
		{6B302A66-F1DD-4ADB-8E73-313D5FD75A59}.Debug|Any CPU.ActiveCfg = Debug|Any CPU
		{6B302A66-F1DD-4ADB-8E73-313D5FD75A59}.Debug|Any CPU.Build.0 = Debug|Any CPU
		{6B302A66-F1DD-4ADB-8E73-313D5FD75A59}.Release|Any CPU.ActiveCfg = Release|Any CPU
		{6B302A66-F1DD-4ADB-8E73-313D5FD75A59}.Release|Any CPU.Build.0 = Release|Any CPU
		{CC767809-352B-4ED5-A029-BFF04FCDCE7E}.Debug|Any CPU.ActiveCfg = Debug|Any CPU
		{CC767809-352B-4ED5-A029-BFF04FCDCE7E}.Debug|Any CPU.Build.0 = Debug|Any CPU
		{CC767809-352B-4ED5-A029-BFF04FCDCE7E}.Release|Any CPU.ActiveCfg = Release|Any CPU
		{CC767809-352B-4ED5-A029-BFF04FCDCE7E}.Release|Any CPU.Build.0 = Release|Any CPU
		{E42B2BD7-BA65-4F4E-82DC-E7966CAD0F2E}.Debug|Any CPU.ActiveCfg = Debug|Any CPU
		{E42B2BD7-BA65-4F4E-82DC-E7966CAD0F2E}.Debug|Any CPU.Build.0 = Debug|Any CPU
		{E42B2BD7-BA65-4F4E-82DC-E7966CAD0F2E}.Release|Any CPU.ActiveCfg = Release|Any CPU
		{E42B2BD7-BA65-4F4E-82DC-E7966CAD0F2E}.Release|Any CPU.Build.0 = Release|Any CPU
	EndGlobalSection
	GlobalSection(SolutionProperties) = preSolution
		HideSolutionNode = FALSE
	EndGlobalSection
	GlobalSection(NestedProjects) = preSolution
		{DDFC588B-C1A8-4FEE-92DD-90699EAA6CF3} = {BC9D6E40-3985-4AE4-A07D-45C5CA877A6C}
		{7F0C3B15-2D9E-4A2B-BC0E-4AC77D354F7D} = {1BC6E358-063D-4E53-A821-27E1F8E0886D}
		{315753C2-F1AC-4BD0-B0A4-2266C903B9E2} = {1BC6E358-063D-4E53-A821-27E1F8E0886D}
		{D97746F8-3830-4009-8B63-7BFA423E94E1} = {1BC6E358-063D-4E53-A821-27E1F8E0886D}
		{56634B73-CB21-4AFC-8D7E-3BA510D4AD0A} = {1BC6E358-063D-4E53-A821-27E1F8E0886D}
		{80705126-55FB-4F48-B691-FB644F107B58} = {1BC6E358-063D-4E53-A821-27E1F8E0886D}
		{EC227BE6-8CA0-4425-B9E3-D44B74096F73} = {1BC6E358-063D-4E53-A821-27E1F8E0886D}
		{746CBDBD-5769-4DE8-B118-F89724FDD114} = {EC227BE6-8CA0-4425-B9E3-D44B74096F73}
		{6309A38A-C2B8-4FFA-87B4-EFB97A6F6E53} = {315753C2-F1AC-4BD0-B0A4-2266C903B9E2}
		{B079E4B5-6AD6-4EEA-924C-F2FD5AAD59E3} = {D97746F8-3830-4009-8B63-7BFA423E94E1}
		{F40829B6-079D-4CF2-9A8D-849C5C12C793} = {56634B73-CB21-4AFC-8D7E-3BA510D4AD0A}
		{722F657A-6283-49BE-A245-E76894C58BC0} = {56634B73-CB21-4AFC-8D7E-3BA510D4AD0A}
		{D3AA335C-44B1-4171-8593-9EA781BB6E3B} = {56634B73-CB21-4AFC-8D7E-3BA510D4AD0A}
		{BBE6CE3B-4448-4BF0-9188-DA53C0ED89DA} = {56634B73-CB21-4AFC-8D7E-3BA510D4AD0A}
		{275F423C-5776-4493-800F-2143C40E7FE7} = {D97746F8-3830-4009-8B63-7BFA423E94E1}
		{D1B71194-7A3D-44A1-B013-A1F239DC9949} = {D97746F8-3830-4009-8B63-7BFA423E94E1}
		{9537335A-C881-4D7B-AC53-82A8EC3528C9} = {80705126-55FB-4F48-B691-FB644F107B58}
		{7B99757A-59CB-44D2-879B-A89AE718CA73} = {80705126-55FB-4F48-B691-FB644F107B58}
		{6B302A66-F1DD-4ADB-8E73-313D5FD75A59} = {80705126-55FB-4F48-B691-FB644F107B58}
		{CC767809-352B-4ED5-A029-BFF04FCDCE7E} = {D97746F8-3830-4009-8B63-7BFA423E94E1}
		{E42B2BD7-BA65-4F4E-82DC-E7966CAD0F2E} = {80705126-55FB-4F48-B691-FB644F107B58}
	EndGlobalSection
	GlobalSection(ExtensibilityGlobals) = postSolution
		SolutionGuid = {E147E01D-F136-4C85-B72F-8558AF9F9EB2}
	EndGlobalSection
EndGlobal
