
Microsoft Visual Studio Solution File, Format Version 12.00
# Visual Studio Version 17
VisualStudioVersion = 17.11.35208.52
MinimumVisualStudioVersion = 10.0.40219.1
Project("{2150E333-8FDC-42A3-9474-1A3956D46DE8}") = "2. Source", "2. Source", "{1BC6E358-063D-4E53-A821-27E1F8E0886D}"
	ProjectSection(SolutionItems) = preProject
		Source\ReadMe.md = Source\ReadMe.md
	EndProjectSection
EndProject
Project("{2150E333-8FDC-42A3-9474-1A3956D46DE8}") = "1. Documentation", "1. Documentation", "{BC9D6E40-3985-4AE4-A07D-45C5CA877A6C}"
	ProjectSection(SolutionItems) = preProject
		ReadMe.md = ReadMe.md
	EndProjectSection
EndProject
Project("{2150E333-8FDC-42A3-9474-1A3956D46DE8}") = "3. Tests", "3. Tests", "{7C9C8983-3523-498D-88A7-C70BC8583460}"
	ProjectSection(SolutionItems) = preProject
		Tests\ReadMe.md = Tests\ReadMe.md
	EndProjectSection
EndProject
Project("{2150E333-8FDC-42A3-9474-1A3956D46DE8}") = "4. Test Area", "4. Test Area", "{001C0DF9-D213-45B7-A234-BBCA4473C532}"
	ProjectSection(SolutionItems) = preProject
		Test Area\ReadMe.md = Test Area\ReadMe.md
	EndProjectSection
EndProject
Project("{2150E333-8FDC-42A3-9474-1A3956D46DE8}") = "5. Data", "5. Data", "{6EADE939-5BF7-4411-8D91-8CA47E538477}"
	ProjectSection(SolutionItems) = preProject
		Data\ReadMe.md = Data\ReadMe.md
	EndProjectSection
EndProject
Project("{2150E333-8FDC-42A3-9474-1A3956D46DE8}") = "Diagrams", "Diagrams", "{DDFC588B-C1A8-4FEE-92DD-90699EAA6CF3}"
	ProjectSection(SolutionItems) = preProject
		Diagram Full.dgml = Diagram Full.dgml
	EndProjectSection
EndProject
Project("{2150E333-8FDC-42A3-9474-1A3956D46DE8}") = "Contosa.DuckStore.OnlineStore (Public Website)", "Contosa.DuckStore.OnlineStore (Public Website)", "{7F0C3B15-2D9E-4A2B-BC0E-4AC77D354F7D}"
	ProjectSection(SolutionItems) = preProject
		Source\Contosa.DuckStore.OnlineStore.WebApp ReadMe.md = Source\Contosa.DuckStore.OnlineStore.WebApp ReadMe.md
	EndProjectSection
EndProject
Project("{2150E333-8FDC-42A3-9474-1A3956D46DE8}") = "Contosa.DuckStore (DuckStore base)", "Contosa.DuckStore (DuckStore base)", "{315753C2-F1AC-4BD0-B0A4-2266C903B9E2}"
	ProjectSection(SolutionItems) = preProject
		Source\Contosa.DuckStore ReadMe.md = Source\Contosa.DuckStore ReadMe.md
	EndProjectSection
EndProject
Project("{2150E333-8FDC-42A3-9474-1A3956D46DE8}") = "Contosa.DuckStore.PublicApi (Public Web API)", "Contosa.DuckStore.PublicApi (Public Web API)", "{D97746F8-3830-4009-8B63-7BFA423E94E1}"
	ProjectSection(SolutionItems) = preProject
		Source\Contosa.DuckStore.PublicApi.WebApi ReadMe.md = Source\Contosa.DuckStore.PublicApi.WebApi ReadMe.md
	EndProjectSection
EndProject
Project("{2150E333-8FDC-42A3-9474-1A3956D46DE8}") = "Contosa.DuckStore.Central (Internal Web API)", "Contosa.DuckStore.Central (Internal Web API)", "{56634B73-CB21-4AFC-8D7E-3BA510D4AD0A}"
	ProjectSection(SolutionItems) = preProject
		Source\Contosa.DuckStore.Central.WebApi ReadMe.md = Source\Contosa.DuckStore.Central.WebApi ReadMe.md
	EndProjectSection
EndProject
Project("{2150E333-8FDC-42A3-9474-1A3956D46DE8}") = "Contosa.DuckStore.Management (Internal Website)", "Contosa.DuckStore.Management (Internal Website)", "{80705126-55FB-4F48-B691-FB644F107B58}"
	ProjectSection(SolutionItems) = preProject
		Source\Contosa.DuckStore.Management.WebApp ReadMe.md = Source\Contosa.DuckStore.Management.WebApp ReadMe.md
	EndProjectSection
EndProject
Project("{2150E333-8FDC-42A3-9474-1A3956D46DE8}") = "Contosa (Framework)", "Contosa (Framework)", "{EC227BE6-8CA0-4425-B9E3-D44B74096F73}"
	ProjectSection(SolutionItems) = preProject
		Source\Contosa ReadMe.md = Source\Contosa ReadMe.md
	EndProjectSection
EndProject
Project("{9A19103F-16F7-4668-BE54-9A1E7A4F7556}") = "Contosa", "Source\Contosa\Contosa.csproj", "{746CBDBD-5769-4DE8-B118-F89724FDD114}"
EndProject
Project("{9A19103F-16F7-4668-BE54-9A1E7A4F7556}") = "Contosa.DuckStore", "Source\Contosa.DuckStore\Contosa.DuckStore.csproj", "{6309A38A-C2B8-4FFA-87B4-EFB97A6F6E53}"
EndProject
Project("{9A19103F-16F7-4668-BE54-9A1E7A4F7556}") = "Contosa.DuckStore.PublicApi.WebApi", "Source\Contosa.DuckStore.PublicApi.WebApi\Contosa.DuckStore.PublicApi.WebApi.csproj", "{B079E4B5-6AD6-4EEA-924C-F2FD5AAD59E3}"
EndProject
Project("{9A19103F-16F7-4668-BE54-9A1E7A4F7556}") = "Contosa.DuckStore.Central.WebApi", "Source\Contosa.DuckStore.Central.WebApi\Contosa.DuckStore.Central.WebApi.csproj", "{F40829B6-079D-4CF2-9A8D-849C5C12C793}"
EndProject
Project("{9A19103F-16F7-4668-BE54-9A1E7A4F7556}") = "Contosa.DuckStore.Central", "Source\Contosa.DuckStore.Central\Contosa.DuckStore.Central.csproj", "{722F657A-6283-49BE-A245-E76894C58BC0}"
EndProject
Project("{9A19103F-16F7-4668-BE54-9A1E7A4F7556}") = "Contosa.DuckStore.Central.Business", "Source\Contosa.DuckStore.Central.Business\Contosa.DuckStore.Central.Business.csproj", "{D3AA335C-44B1-4171-8593-9EA781BB6E3B}"
EndProject
Project("{9A19103F-16F7-4668-BE54-9A1E7A4F7556}") = "Contosa.DuckStore.Central.DataAccess", "Source\Contosa.DuckStore.Central.DataAccess\Contosa.DuckStore.Central.DataAccess.csproj", "{BBE6CE3B-4448-4BF0-9188-DA53C0ED89DA}"
EndProject
Project("{9A19103F-16F7-4668-BE54-9A1E7A4F7556}") = "Contosa.DuckStore.PublicApi.Business", "Source\Contosa.DuckStore.PublicApi.Business\Contosa.DuckStore.PublicApi.Business.csproj", "{275F423C-5776-4493-800F-2143C40E7FE7}"
EndProject
Project("{9A19103F-16F7-4668-BE54-9A1E7A4F7556}") = "Contosa.DuckStore.PublicApi.DataAccess", "Source\Contosa.DuckStore.PublicApi.DataAccess\Contosa.DuckStore.PublicApi.DataAccess.csproj", "{D1B71194-7A3D-44A1-B013-A1F239DC9949}"
EndProject
Project("{9A19103F-16F7-4668-BE54-9A1E7A4F7556}") = "Contosa.DuckStore.Management.WebApp", "Source\Contosa.DuckStore.Management.WebApp\Contosa.DuckStore.Management.WebApp.csproj", "{9537335A-C881-4D7B-AC53-82A8EC3528C9}"
EndProject
Project("{9A19103F-16F7-4668-BE54-9A1E7A4F7556}") = "Contosa.DuckStore.Management.Business", "Source\Contosa.DuckStore.Management.Business\Contosa.DuckStore.Management.Business.csproj", "{7B99757A-59CB-44D2-879B-A89AE718CA73}"
EndProject
Project("{9A19103F-16F7-4668-BE54-9A1E7A4F7556}") = "Contosa.DuckStore.Management.DataAccess", "Source\Contosa.DuckStore.Management.DataAccess\Contosa.DuckStore.Management.DataAccess.csproj", "{6B302A66-F1DD-4ADB-8E73-313D5FD75A59}"
EndProject
Project("{9A19103F-16F7-4668-BE54-9A1E7A4F7556}") = "Contosa.DuckStore.PublicApi", "Source\Contosa.DuckStore.PublicApi\Contosa.DuckStore.PublicApi.csproj", "{CC767809-352B-4ED5-A029-BFF04FCDCE7E}"
EndProject
Project("{9A19103F-16F7-4668-BE54-9A1E7A4F7556}") = "Contosa.DuckStore.Management", "Source\Contosa.DuckStore.Management\Contosa.DuckStore.Management.csproj", "{E42B2BD7-BA65-4F4E-82DC-E7966CAD0F2E}"
EndProject
Project("{9A19103F-16F7-4668-BE54-9A1E7A4F7556}") = "Contosa.DuckStore.OnlineStore.DataAccess", "Source\Contosa.DuckStore.OnlineStore.DataAccess\Contosa.DuckStore.OnlineStore.DataAccess.csproj", "{C37F5FA2-6824-46E8-B220-D413BD5D2E41}"
EndProject
Project("{9A19103F-16F7-4668-BE54-9A1E7A4F7556}") = "Contosa.DuckStore.OnlineStore", "Source\Contosa.DuckStore.OnlineStore\Contosa.DuckStore.OnlineStore.csproj", "{95A0D264-C669-449C-B4A7-38E4352771AD}"
EndProject
Project("{9A19103F-16F7-4668-BE54-9A1E7A4F7556}") = "Contosa.DuckStore.OnlineStore.Business", "Source\Contosa.DuckStore.OnlineStore.Business\Contosa.DuckStore.OnlineStore.Business.csproj", "{1F4EBD4E-99FD-4E6D-AC9A-27AA412014E8}"
EndProject
Project("{2150E333-8FDC-42A3-9474-1A3956D46DE8}") = "1. Unit Tests", "1. Unit Tests", "{CCD97DB9-625C-427F-9235-7BA9F76DA3A0}"
EndProject
Project("{2150E333-8FDC-42A3-9474-1A3956D46DE8}") = "Contosa.DuckStore.Database", "Contosa.DuckStore.Database", "{FB6260C3-0D6A-4064-8408-8C724D26CA4B}"
EndProject
Project("{9A19103F-16F7-4668-BE54-9A1E7A4F7556}") = "Contosa.DuckStore.Central.UnitTests", "Tests\Contosa.DuckStore.Central.UnitTests\Contosa.DuckStore.Central.UnitTests.csproj", "{D8AF897A-1AF5-42FD-92B0-5717B8193BFA}"
EndProject
Project("{9A19103F-16F7-4668-BE54-9A1E7A4F7556}") = "Contosa.DuckStore.UnitTests", "Tests\Contosa.DuckStore.UnitTests\Contosa.DuckStore.UnitTests.csproj", "{4F779D6A-FCA1-4092-8CB1-665082608CAF}"
EndProject
Project("{9A19103F-16F7-4668-BE54-9A1E7A4F7556}") = "Contosa.DuckStore.OnlineStore.UnitTests", "Tests\Contosa.DuckStore.OnlineStore.UnitTests\Contosa.DuckStore.OnlineStore.UnitTests.csproj", "{FC9D98A5-6415-4695-B75D-811D11A322F7}"
EndProject
Project("{9A19103F-16F7-4668-BE54-9A1E7A4F7556}") = "Contosa.DuckStore.Management.UnitTests", "Tests\Contosa.DuckStore.Management.UnitTests\Contosa.DuckStore.Management.UnitTests.csproj", "{B8AE0406-1CC6-451A-A6F3-A41075B6E850}"
EndProject
Project("{9A19103F-16F7-4668-BE54-9A1E7A4F7556}") = "Contosa.DuckStore.PublicApi.UnitTests", "Tests\Contosa.DuckStore.PublicApi.UnitTests\Contosa.DuckStore.PublicApi.UnitTests.csproj", "{E320D7C2-D725-4983-80F8-55558A33912D}"
EndProject
Project("{9A19103F-16F7-4668-BE54-9A1E7A4F7556}") = "Contosa.TestAreaConsole", "Test Area\Contosa.TestAreaConsole\Contosa.TestAreaConsole.csproj", "{EEDF7AB6-5E9C-46F3-BC5D-B99466D372FF}"
EndProject
Project("{9A19103F-16F7-4668-BE54-9A1E7A4F7556}") = "Contosa.DuckStore.TestAreaConsole", "Test Area\Contosa.DuckStore.TestAreaConsole\Contosa.DuckStore.TestAreaConsole.csproj", "{139DF53F-A8C0-492E-8324-58DA2CA0EBF6}"
EndProject
Project("{9A19103F-16F7-4668-BE54-9A1E7A4F7556}") = "Contosa.DuckStore.PublicApi.TestAreaConsole", "Test Area\Contosa.DuckStore.PublicApi.TestAreaConsole\Contosa.DuckStore.PublicApi.TestAreaConsole.csproj", "{394FBF93-343D-4E1A-BEB8-40E29BA5E569}"
EndProject
Project("{9A19103F-16F7-4668-BE54-9A1E7A4F7556}") = "Contosa.DuckStore.OnlineStore.TestAreaConsole", "Test Area\Contosa.DuckStore.OnlineStore.TestAreaConsole\Contosa.DuckStore.OnlineStore.TestAreaConsole.csproj", "{D37195D5-007F-42E7-93D2-F91BECB3FCF6}"
EndProject
Project("{9A19103F-16F7-4668-BE54-9A1E7A4F7556}") = "Contosa.DuckStore.Management.TestAreaConsole", "Test Area\Contosa.DuckStore.Management.TestAreaConsole\Contosa.DuckStore.Management.TestAreaConsole.csproj", "{4FF4DB25-81B6-4D62-9B10-5B38197F11EC}"
EndProject
Project("{9A19103F-16F7-4668-BE54-9A1E7A4F7556}") = "Contosa.DuckStore.Central.TestAreaConsole", "Test Area\Contosa.DuckStore.Central.TestAreaConsole\Contosa.DuckStore.Central.TestAreaConsole.csproj", "{5858AE43-921A-4E1C-B1A8-AA5EFF21C558}"
EndProject
Project("{9A19103F-16F7-4668-BE54-9A1E7A4F7556}") = "Contosa.UnitTests", "Tests\Contosa.UnitTests\Contosa.UnitTests.csproj", "{3312CEC0-61DC-46CB-A7B2-89CC9F8F7C07}"
EndProject
Project("{9A19103F-16F7-4668-BE54-9A1E7A4F7556}") = "Contosa.TestArea", "Test Area\Contosa.TestArea\Contosa.TestArea.csproj", "{A87C8235-16F2-4B7C-A151-E3052035D4B0}"
EndProject
Project("{2150E333-8FDC-42A3-9474-1A3956D46DE8}") = "3. UI Tests", "3. UI Tests", "{4C0A12CF-F514-4641-9201-ED502528FBF7}"
EndProject
Project("{9A19103F-16F7-4668-BE54-9A1E7A4F7556}") = "Contosa.DuckStore.Management.WebApp.UITests", "Tests\Contosa.DuckStore.Management.WebApp.UITests\Contosa.DuckStore.Management.WebApp.UITests.csproj", "{BD2B787E-7B8E-430C-A2B8-FEF73BF85834}"
EndProject
Project("{2150E333-8FDC-42A3-9474-1A3956D46DE8}") = "2. API Tests", "2. API Tests", "{B9911C81-8E1D-45E9-87B3-143FF13E6966}"
EndProject
Project("{9A19103F-16F7-4668-BE54-9A1E7A4F7556}") = "Contosa.DuckStore.PublicApi.WebApi.APITests", "Tests\Contosa.DuckStore.PublicApi.WebApi.APITests\Contosa.DuckStore.PublicApi.WebApi.APITests.csproj", "{A52F0D37-91CC-4C04-8AB4-9DB1085D67FF}"
EndProject
Project("{2150E333-8FDC-42A3-9474-1A3956D46DE8}") = "6. Deployment", "6. Deployment", "{358B4B5A-0043-4A63-A253-99058532C2B3}"
	ProjectSection(SolutionItems) = preProject
		Main.yml = Main.yml
	EndProjectSection
EndProject
Project("{2150E333-8FDC-42A3-9474-1A3956D46DE8}") = "7. Tools", "7. Tools", "{A9085A48-D33F-4654-AD74-9185230A1805}"
EndProject
Project("{9A19103F-16F7-4668-BE54-9A1E7A4F7556}") = "Contosa.DuckStore.Data", "Source\Contosa.DuckStore.Data.csproj\Contosa.DuckStore.Data.csproj", "{A77AE9AB-4E93-42BB-B4A5-37B3351C7BE0}"
EndProject
Project("{FAE04EC0-301F-11D3-BF4B-00C04F79EFBC}") = "Contosa.DuckStore.Management.Business.Entities", "Source\Contosa.DuckStore.Management.Business.Entities\Contosa.DuckStore.Management.Business.Entities.csproj", "{C9F34FB3-47CD-484A-8C20-F1674AD0CB16}"
EndProject
Project("{FAE04EC0-301F-11D3-BF4B-00C04F79EFBC}") = "Contosa.DuckStore.Central.Business.Entities", "Source\Contosa.DuckStore.Central.Business.Entities\Contosa.DuckStore.Central.Business.Entities.csproj", "{F69BE848-557F-4F50-965E-2A132F36DE6A}"
EndProject
Project("{FAE04EC0-301F-11D3-BF4B-00C04F79EFBC}") = "Contosa.DuckStore.OnlineStore.Business.Entities", "Source\Contosa.DuckStore.OnlineStore.Business.Entities\Contosa.DuckStore.OnlineStore.Business.Entities.csproj", "{BEE31207-29C2-4109-9356-4E05304D8350}"
EndProject
Project("{FAE04EC0-301F-11D3-BF4B-00C04F79EFBC}") = "Contosa.DuckStore.PublicApi.Business.Entities", "Source\Contosa.DuckStore.PublicApi.Business.Entities\Contosa.DuckStore.PublicApi.Business.Entities.csproj", "{A6154527-DCE0-4AD7-BF4F-78651BF7CB4F}"
EndProject
Project("{FAE04EC0-301F-11D3-BF4B-00C04F79EFBC}") = "Contosa.DuckStore.PublicApi.DataAccess.Entities", "Source\Contosa.DuckStore.PublicApi.DataAccess.Entities\Contosa.DuckStore.PublicApi.DataAccess.Entities.csproj", "{E6AC1221-D608-4030-A530-D6F32A3A691E}"
EndProject
Project("{FAE04EC0-301F-11D3-BF4B-00C04F79EFBC}") = "Contosa.DuckStore.OnlineStore.DataAccess.Entities", "Source\Contosa.DuckStore.OnlineStore.DataAccess.Entities\Contosa.DuckStore.OnlineStore.DataAccess.Entities.csproj", "{B37460B9-9A6B-4086-BC98-6224817FACBA}"
EndProject
Project("{FAE04EC0-301F-11D3-BF4B-00C04F79EFBC}") = "Contosa.DuckStore.Management.DataAccess.Entities", "Source\Contosa.DuckStore.Management.DataAccess.Entities\Contosa.DuckStore.Management.DataAccess.Entities.csproj", "{0F7633DA-C265-4A5C-856C-10D36B5188A0}"
EndProject
Project("{FAE04EC0-301F-11D3-BF4B-00C04F79EFBC}") = "Contosa.DuckStore.Central.DataAccess.Entities", "Source\Contosa.DuckStore.Central.DataAccess.Entities\Contosa.DuckStore.Central.DataAccess.Entities.csproj", "{47FF511E-AA7A-4F06-8F89-0BD631B99F49}"
EndProject
Project("{FAE04EC0-301F-11D3-BF4B-00C04F79EFBC}") = "Contosa.DuckStore.Central.WebApi.Entities", "Source\Contosa.DuckStore.Central.WebApi.Entities\Contosa.DuckStore.Central.WebApi.Entities.csproj", "{E71A195C-538B-46CE-8293-0608C8BD7341}"
EndProject
Project("{FAE04EC0-301F-11D3-BF4B-00C04F79EFBC}") = "Contosa.DuckStore.PublicApi.WebApi.Entities", "Source\Contosa.DuckStore.PublicApi.WebApi.Entities\Contosa.DuckStore.PublicApi.WebApi.Entities.csproj", "{37710D4C-DC9B-4E1C-8AE2-904DF797A930}"
EndProject
Global
	GlobalSection(SolutionConfigurationPlatforms) = preSolution
		Debug|Any CPU = Debug|Any CPU
		Release|Any CPU = Release|Any CPU
	EndGlobalSection
	GlobalSection(ProjectConfigurationPlatforms) = postSolution
		{746CBDBD-5769-4DE8-B118-F89724FDD114}.Debug|Any CPU.ActiveCfg = Debug|Any CPU
		{746CBDBD-5769-4DE8-B118-F89724FDD114}.Debug|Any CPU.Build.0 = Debug|Any CPU
		{746CBDBD-5769-4DE8-B118-F89724FDD114}.Release|Any CPU.ActiveCfg = Release|Any CPU
		{746CBDBD-5769-4DE8-B118-F89724FDD114}.Release|Any CPU.Build.0 = Release|Any CPU
		{6309A38A-C2B8-4FFA-87B4-EFB97A6F6E53}.Debug|Any CPU.ActiveCfg = Debug|Any CPU
		{6309A38A-C2B8-4FFA-87B4-EFB97A6F6E53}.Debug|Any CPU.Build.0 = Debug|Any CPU
		{6309A38A-C2B8-4FFA-87B4-EFB97A6F6E53}.Release|Any CPU.ActiveCfg = Release|Any CPU
		{6309A38A-C2B8-4FFA-87B4-EFB97A6F6E53}.Release|Any CPU.Build.0 = Release|Any CPU
		{B079E4B5-6AD6-4EEA-924C-F2FD5AAD59E3}.Debug|Any CPU.ActiveCfg = Debug|Any CPU
		{B079E4B5-6AD6-4EEA-924C-F2FD5AAD59E3}.Debug|Any CPU.Build.0 = Debug|Any CPU
		{B079E4B5-6AD6-4EEA-924C-F2FD5AAD59E3}.Release|Any CPU.ActiveCfg = Release|Any CPU
		{B079E4B5-6AD6-4EEA-924C-F2FD5AAD59E3}.Release|Any CPU.Build.0 = Release|Any CPU
		{F40829B6-079D-4CF2-9A8D-849C5C12C793}.Debug|Any CPU.ActiveCfg = Debug|Any CPU
		{F40829B6-079D-4CF2-9A8D-849C5C12C793}.Debug|Any CPU.Build.0 = Debug|Any CPU
		{F40829B6-079D-4CF2-9A8D-849C5C12C793}.Release|Any CPU.ActiveCfg = Release|Any CPU
		{F40829B6-079D-4CF2-9A8D-849C5C12C793}.Release|Any CPU.Build.0 = Release|Any CPU
		{722F657A-6283-49BE-A245-E76894C58BC0}.Debug|Any CPU.ActiveCfg = Debug|Any CPU
		{722F657A-6283-49BE-A245-E76894C58BC0}.Debug|Any CPU.Build.0 = Debug|Any CPU
		{722F657A-6283-49BE-A245-E76894C58BC0}.Release|Any CPU.ActiveCfg = Release|Any CPU
		{722F657A-6283-49BE-A245-E76894C58BC0}.Release|Any CPU.Build.0 = Release|Any CPU
		{D3AA335C-44B1-4171-8593-9EA781BB6E3B}.Debug|Any CPU.ActiveCfg = Debug|Any CPU
		{D3AA335C-44B1-4171-8593-9EA781BB6E3B}.Debug|Any CPU.Build.0 = Debug|Any CPU
		{D3AA335C-44B1-4171-8593-9EA781BB6E3B}.Release|Any CPU.ActiveCfg = Release|Any CPU
		{D3AA335C-44B1-4171-8593-9EA781BB6E3B}.Release|Any CPU.Build.0 = Release|Any CPU
		{BBE6CE3B-4448-4BF0-9188-DA53C0ED89DA}.Debug|Any CPU.ActiveCfg = Debug|Any CPU
		{BBE6CE3B-4448-4BF0-9188-DA53C0ED89DA}.Debug|Any CPU.Build.0 = Debug|Any CPU
		{BBE6CE3B-4448-4BF0-9188-DA53C0ED89DA}.Release|Any CPU.ActiveCfg = Release|Any CPU
		{BBE6CE3B-4448-4BF0-9188-DA53C0ED89DA}.Release|Any CPU.Build.0 = Release|Any CPU
		{275F423C-5776-4493-800F-2143C40E7FE7}.Debug|Any CPU.ActiveCfg = Debug|Any CPU
		{275F423C-5776-4493-800F-2143C40E7FE7}.Debug|Any CPU.Build.0 = Debug|Any CPU
		{275F423C-5776-4493-800F-2143C40E7FE7}.Release|Any CPU.ActiveCfg = Release|Any CPU
		{275F423C-5776-4493-800F-2143C40E7FE7}.Release|Any CPU.Build.0 = Release|Any CPU
		{D1B71194-7A3D-44A1-B013-A1F239DC9949}.Debug|Any CPU.ActiveCfg = Debug|Any CPU
		{D1B71194-7A3D-44A1-B013-A1F239DC9949}.Debug|Any CPU.Build.0 = Debug|Any CPU
		{D1B71194-7A3D-44A1-B013-A1F239DC9949}.Release|Any CPU.ActiveCfg = Release|Any CPU
		{D1B71194-7A3D-44A1-B013-A1F239DC9949}.Release|Any CPU.Build.0 = Release|Any CPU
		{9537335A-C881-4D7B-AC53-82A8EC3528C9}.Debug|Any CPU.ActiveCfg = Debug|Any CPU
		{9537335A-C881-4D7B-AC53-82A8EC3528C9}.Debug|Any CPU.Build.0 = Debug|Any CPU
		{9537335A-C881-4D7B-AC53-82A8EC3528C9}.Release|Any CPU.ActiveCfg = Release|Any CPU
		{9537335A-C881-4D7B-AC53-82A8EC3528C9}.Release|Any CPU.Build.0 = Release|Any CPU
		{7B99757A-59CB-44D2-879B-A89AE718CA73}.Debug|Any CPU.ActiveCfg = Debug|Any CPU
		{7B99757A-59CB-44D2-879B-A89AE718CA73}.Debug|Any CPU.Build.0 = Debug|Any CPU
		{7B99757A-59CB-44D2-879B-A89AE718CA73}.Release|Any CPU.ActiveCfg = Release|Any CPU
		{7B99757A-59CB-44D2-879B-A89AE718CA73}.Release|Any CPU.Build.0 = Release|Any CPU
		{6B302A66-F1DD-4ADB-8E73-313D5FD75A59}.Debug|Any CPU.ActiveCfg = Debug|Any CPU
		{6B302A66-F1DD-4ADB-8E73-313D5FD75A59}.Debug|Any CPU.Build.0 = Debug|Any CPU
		{6B302A66-F1DD-4ADB-8E73-313D5FD75A59}.Release|Any CPU.ActiveCfg = Release|Any CPU
		{6B302A66-F1DD-4ADB-8E73-313D5FD75A59}.Release|Any CPU.Build.0 = Release|Any CPU
		{CC767809-352B-4ED5-A029-BFF04FCDCE7E}.Debug|Any CPU.ActiveCfg = Debug|Any CPU
		{CC767809-352B-4ED5-A029-BFF04FCDCE7E}.Debug|Any CPU.Build.0 = Debug|Any CPU
		{CC767809-352B-4ED5-A029-BFF04FCDCE7E}.Release|Any CPU.ActiveCfg = Release|Any CPU
		{CC767809-352B-4ED5-A029-BFF04FCDCE7E}.Release|Any CPU.Build.0 = Release|Any CPU
		{E42B2BD7-BA65-4F4E-82DC-E7966CAD0F2E}.Debug|Any CPU.ActiveCfg = Debug|Any CPU
		{E42B2BD7-BA65-4F4E-82DC-E7966CAD0F2E}.Debug|Any CPU.Build.0 = Debug|Any CPU
		{E42B2BD7-BA65-4F4E-82DC-E7966CAD0F2E}.Release|Any CPU.ActiveCfg = Release|Any CPU
		{E42B2BD7-BA65-4F4E-82DC-E7966CAD0F2E}.Release|Any CPU.Build.0 = Release|Any CPU
		{C37F5FA2-6824-46E8-B220-D413BD5D2E41}.Debug|Any CPU.ActiveCfg = Debug|Any CPU
		{C37F5FA2-6824-46E8-B220-D413BD5D2E41}.Debug|Any CPU.Build.0 = Debug|Any CPU
		{C37F5FA2-6824-46E8-B220-D413BD5D2E41}.Release|Any CPU.ActiveCfg = Release|Any CPU
		{C37F5FA2-6824-46E8-B220-D413BD5D2E41}.Release|Any CPU.Build.0 = Release|Any CPU
		{95A0D264-C669-449C-B4A7-38E4352771AD}.Debug|Any CPU.ActiveCfg = Debug|Any CPU
		{95A0D264-C669-449C-B4A7-38E4352771AD}.Debug|Any CPU.Build.0 = Debug|Any CPU
		{95A0D264-C669-449C-B4A7-38E4352771AD}.Release|Any CPU.ActiveCfg = Release|Any CPU
		{95A0D264-C669-449C-B4A7-38E4352771AD}.Release|Any CPU.Build.0 = Release|Any CPU
		{1F4EBD4E-99FD-4E6D-AC9A-27AA412014E8}.Debug|Any CPU.ActiveCfg = Debug|Any CPU
		{1F4EBD4E-99FD-4E6D-AC9A-27AA412014E8}.Debug|Any CPU.Build.0 = Debug|Any CPU
		{1F4EBD4E-99FD-4E6D-AC9A-27AA412014E8}.Release|Any CPU.ActiveCfg = Release|Any CPU
		{1F4EBD4E-99FD-4E6D-AC9A-27AA412014E8}.Release|Any CPU.Build.0 = Release|Any CPU
		{D8AF897A-1AF5-42FD-92B0-5717B8193BFA}.Debug|Any CPU.ActiveCfg = Debug|Any CPU
		{D8AF897A-1AF5-42FD-92B0-5717B8193BFA}.Debug|Any CPU.Build.0 = Debug|Any CPU
		{D8AF897A-1AF5-42FD-92B0-5717B8193BFA}.Release|Any CPU.ActiveCfg = Release|Any CPU
		{D8AF897A-1AF5-42FD-92B0-5717B8193BFA}.Release|Any CPU.Build.0 = Release|Any CPU
		{4F779D6A-FCA1-4092-8CB1-665082608CAF}.Debug|Any CPU.ActiveCfg = Debug|Any CPU
		{4F779D6A-FCA1-4092-8CB1-665082608CAF}.Debug|Any CPU.Build.0 = Debug|Any CPU
		{4F779D6A-FCA1-4092-8CB1-665082608CAF}.Release|Any CPU.ActiveCfg = Release|Any CPU
		{4F779D6A-FCA1-4092-8CB1-665082608CAF}.Release|Any CPU.Build.0 = Release|Any CPU
		{FC9D98A5-6415-4695-B75D-811D11A322F7}.Debug|Any CPU.ActiveCfg = Debug|Any CPU
		{FC9D98A5-6415-4695-B75D-811D11A322F7}.Debug|Any CPU.Build.0 = Debug|Any CPU
		{FC9D98A5-6415-4695-B75D-811D11A322F7}.Release|Any CPU.ActiveCfg = Release|Any CPU
		{FC9D98A5-6415-4695-B75D-811D11A322F7}.Release|Any CPU.Build.0 = Release|Any CPU
		{B8AE0406-1CC6-451A-A6F3-A41075B6E850}.Debug|Any CPU.ActiveCfg = Debug|Any CPU
		{B8AE0406-1CC6-451A-A6F3-A41075B6E850}.Debug|Any CPU.Build.0 = Debug|Any CPU
		{B8AE0406-1CC6-451A-A6F3-A41075B6E850}.Release|Any CPU.ActiveCfg = Release|Any CPU
		{B8AE0406-1CC6-451A-A6F3-A41075B6E850}.Release|Any CPU.Build.0 = Release|Any CPU
		{E320D7C2-D725-4983-80F8-55558A33912D}.Debug|Any CPU.ActiveCfg = Debug|Any CPU
		{E320D7C2-D725-4983-80F8-55558A33912D}.Debug|Any CPU.Build.0 = Debug|Any CPU
		{E320D7C2-D725-4983-80F8-55558A33912D}.Release|Any CPU.ActiveCfg = Release|Any CPU
		{E320D7C2-D725-4983-80F8-55558A33912D}.Release|Any CPU.Build.0 = Release|Any CPU
		{EEDF7AB6-5E9C-46F3-BC5D-B99466D372FF}.Debug|Any CPU.ActiveCfg = Debug|Any CPU
		{EEDF7AB6-5E9C-46F3-BC5D-B99466D372FF}.Debug|Any CPU.Build.0 = Debug|Any CPU
		{EEDF7AB6-5E9C-46F3-BC5D-B99466D372FF}.Release|Any CPU.ActiveCfg = Release|Any CPU
		{EEDF7AB6-5E9C-46F3-BC5D-B99466D372FF}.Release|Any CPU.Build.0 = Release|Any CPU
		{139DF53F-A8C0-492E-8324-58DA2CA0EBF6}.Debug|Any CPU.ActiveCfg = Debug|Any CPU
		{139DF53F-A8C0-492E-8324-58DA2CA0EBF6}.Debug|Any CPU.Build.0 = Debug|Any CPU
		{139DF53F-A8C0-492E-8324-58DA2CA0EBF6}.Release|Any CPU.ActiveCfg = Release|Any CPU
		{139DF53F-A8C0-492E-8324-58DA2CA0EBF6}.Release|Any CPU.Build.0 = Release|Any CPU
		{394FBF93-343D-4E1A-BEB8-40E29BA5E569}.Debug|Any CPU.ActiveCfg = Debug|Any CPU
		{394FBF93-343D-4E1A-BEB8-40E29BA5E569}.Debug|Any CPU.Build.0 = Debug|Any CPU
		{394FBF93-343D-4E1A-BEB8-40E29BA5E569}.Release|Any CPU.ActiveCfg = Release|Any CPU
		{394FBF93-343D-4E1A-BEB8-40E29BA5E569}.Release|Any CPU.Build.0 = Release|Any CPU
		{D37195D5-007F-42E7-93D2-F91BECB3FCF6}.Debug|Any CPU.ActiveCfg = Debug|Any CPU
		{D37195D5-007F-42E7-93D2-F91BECB3FCF6}.Debug|Any CPU.Build.0 = Debug|Any CPU
		{D37195D5-007F-42E7-93D2-F91BECB3FCF6}.Release|Any CPU.ActiveCfg = Release|Any CPU
		{D37195D5-007F-42E7-93D2-F91BECB3FCF6}.Release|Any CPU.Build.0 = Release|Any CPU
		{4FF4DB25-81B6-4D62-9B10-5B38197F11EC}.Debug|Any CPU.ActiveCfg = Debug|Any CPU
		{4FF4DB25-81B6-4D62-9B10-5B38197F11EC}.Debug|Any CPU.Build.0 = Debug|Any CPU
		{4FF4DB25-81B6-4D62-9B10-5B38197F11EC}.Release|Any CPU.ActiveCfg = Release|Any CPU
		{4FF4DB25-81B6-4D62-9B10-5B38197F11EC}.Release|Any CPU.Build.0 = Release|Any CPU
		{5858AE43-921A-4E1C-B1A8-AA5EFF21C558}.Debug|Any CPU.ActiveCfg = Debug|Any CPU
		{5858AE43-921A-4E1C-B1A8-AA5EFF21C558}.Debug|Any CPU.Build.0 = Debug|Any CPU
		{5858AE43-921A-4E1C-B1A8-AA5EFF21C558}.Release|Any CPU.ActiveCfg = Release|Any CPU
		{5858AE43-921A-4E1C-B1A8-AA5EFF21C558}.Release|Any CPU.Build.0 = Release|Any CPU
		{3312CEC0-61DC-46CB-A7B2-89CC9F8F7C07}.Debug|Any CPU.ActiveCfg = Debug|Any CPU
		{3312CEC0-61DC-46CB-A7B2-89CC9F8F7C07}.Debug|Any CPU.Build.0 = Debug|Any CPU
		{3312CEC0-61DC-46CB-A7B2-89CC9F8F7C07}.Release|Any CPU.ActiveCfg = Release|Any CPU
		{3312CEC0-61DC-46CB-A7B2-89CC9F8F7C07}.Release|Any CPU.Build.0 = Release|Any CPU
		{A87C8235-16F2-4B7C-A151-E3052035D4B0}.Debug|Any CPU.ActiveCfg = Debug|Any CPU
		{A87C8235-16F2-4B7C-A151-E3052035D4B0}.Debug|Any CPU.Build.0 = Debug|Any CPU
		{A87C8235-16F2-4B7C-A151-E3052035D4B0}.Release|Any CPU.ActiveCfg = Release|Any CPU
		{A87C8235-16F2-4B7C-A151-E3052035D4B0}.Release|Any CPU.Build.0 = Release|Any CPU
		{BD2B787E-7B8E-430C-A2B8-FEF73BF85834}.Debug|Any CPU.ActiveCfg = Debug|Any CPU
		{BD2B787E-7B8E-430C-A2B8-FEF73BF85834}.Debug|Any CPU.Build.0 = Debug|Any CPU
		{BD2B787E-7B8E-430C-A2B8-FEF73BF85834}.Release|Any CPU.ActiveCfg = Release|Any CPU
		{BD2B787E-7B8E-430C-A2B8-FEF73BF85834}.Release|Any CPU.Build.0 = Release|Any CPU
		{A52F0D37-91CC-4C04-8AB4-9DB1085D67FF}.Debug|Any CPU.ActiveCfg = Debug|Any CPU
		{A52F0D37-91CC-4C04-8AB4-9DB1085D67FF}.Debug|Any CPU.Build.0 = Debug|Any CPU
		{A52F0D37-91CC-4C04-8AB4-9DB1085D67FF}.Release|Any CPU.ActiveCfg = Release|Any CPU
		{A52F0D37-91CC-4C04-8AB4-9DB1085D67FF}.Release|Any CPU.Build.0 = Release|Any CPU
		{A77AE9AB-4E93-42BB-B4A5-37B3351C7BE0}.Debug|Any CPU.ActiveCfg = Debug|Any CPU
		{A77AE9AB-4E93-42BB-B4A5-37B3351C7BE0}.Debug|Any CPU.Build.0 = Debug|Any CPU
		{A77AE9AB-4E93-42BB-B4A5-37B3351C7BE0}.Release|Any CPU.ActiveCfg = Release|Any CPU
		{A77AE9AB-4E93-42BB-B4A5-37B3351C7BE0}.Release|Any CPU.Build.0 = Release|Any CPU
		{C9F34FB3-47CD-484A-8C20-F1674AD0CB16}.Debug|Any CPU.ActiveCfg = Debug|Any CPU
		{C9F34FB3-47CD-484A-8C20-F1674AD0CB16}.Debug|Any CPU.Build.0 = Debug|Any CPU
		{C9F34FB3-47CD-484A-8C20-F1674AD0CB16}.Release|Any CPU.ActiveCfg = Release|Any CPU
		{C9F34FB3-47CD-484A-8C20-F1674AD0CB16}.Release|Any CPU.Build.0 = Release|Any CPU
		{F69BE848-557F-4F50-965E-2A132F36DE6A}.Debug|Any CPU.ActiveCfg = Debug|Any CPU
		{F69BE848-557F-4F50-965E-2A132F36DE6A}.Debug|Any CPU.Build.0 = Debug|Any CPU
		{F69BE848-557F-4F50-965E-2A132F36DE6A}.Release|Any CPU.ActiveCfg = Release|Any CPU
		{F69BE848-557F-4F50-965E-2A132F36DE6A}.Release|Any CPU.Build.0 = Release|Any CPU
		{BEE31207-29C2-4109-9356-4E05304D8350}.Debug|Any CPU.ActiveCfg = Debug|Any CPU
		{BEE31207-29C2-4109-9356-4E05304D8350}.Debug|Any CPU.Build.0 = Debug|Any CPU
		{BEE31207-29C2-4109-9356-4E05304D8350}.Release|Any CPU.ActiveCfg = Release|Any CPU
		{BEE31207-29C2-4109-9356-4E05304D8350}.Release|Any CPU.Build.0 = Release|Any CPU
		{A6154527-DCE0-4AD7-BF4F-78651BF7CB4F}.Debug|Any CPU.ActiveCfg = Debug|Any CPU
		{A6154527-DCE0-4AD7-BF4F-78651BF7CB4F}.Debug|Any CPU.Build.0 = Debug|Any CPU
		{A6154527-DCE0-4AD7-BF4F-78651BF7CB4F}.Release|Any CPU.ActiveCfg = Release|Any CPU
		{A6154527-DCE0-4AD7-BF4F-78651BF7CB4F}.Release|Any CPU.Build.0 = Release|Any CPU
		{E6AC1221-D608-4030-A530-D6F32A3A691E}.Debug|Any CPU.ActiveCfg = Debug|Any CPU
		{E6AC1221-D608-4030-A530-D6F32A3A691E}.Debug|Any CPU.Build.0 = Debug|Any CPU
		{E6AC1221-D608-4030-A530-D6F32A3A691E}.Release|Any CPU.ActiveCfg = Release|Any CPU
		{E6AC1221-D608-4030-A530-D6F32A3A691E}.Release|Any CPU.Build.0 = Release|Any CPU
		{B37460B9-9A6B-4086-BC98-6224817FACBA}.Debug|Any CPU.ActiveCfg = Debug|Any CPU
		{B37460B9-9A6B-4086-BC98-6224817FACBA}.Debug|Any CPU.Build.0 = Debug|Any CPU
		{B37460B9-9A6B-4086-BC98-6224817FACBA}.Release|Any CPU.ActiveCfg = Release|Any CPU
		{B37460B9-9A6B-4086-BC98-6224817FACBA}.Release|Any CPU.Build.0 = Release|Any CPU
		{0F7633DA-C265-4A5C-856C-10D36B5188A0}.Debug|Any CPU.ActiveCfg = Debug|Any CPU
		{0F7633DA-C265-4A5C-856C-10D36B5188A0}.Debug|Any CPU.Build.0 = Debug|Any CPU
		{0F7633DA-C265-4A5C-856C-10D36B5188A0}.Release|Any CPU.ActiveCfg = Release|Any CPU
		{0F7633DA-C265-4A5C-856C-10D36B5188A0}.Release|Any CPU.Build.0 = Release|Any CPU
		{47FF511E-AA7A-4F06-8F89-0BD631B99F49}.Debug|Any CPU.ActiveCfg = Debug|Any CPU
		{47FF511E-AA7A-4F06-8F89-0BD631B99F49}.Debug|Any CPU.Build.0 = Debug|Any CPU
		{47FF511E-AA7A-4F06-8F89-0BD631B99F49}.Release|Any CPU.ActiveCfg = Release|Any CPU
		{47FF511E-AA7A-4F06-8F89-0BD631B99F49}.Release|Any CPU.Build.0 = Release|Any CPU
		{E71A195C-538B-46CE-8293-0608C8BD7341}.Debug|Any CPU.ActiveCfg = Debug|Any CPU
		{E71A195C-538B-46CE-8293-0608C8BD7341}.Debug|Any CPU.Build.0 = Debug|Any CPU
		{E71A195C-538B-46CE-8293-0608C8BD7341}.Release|Any CPU.ActiveCfg = Release|Any CPU
		{E71A195C-538B-46CE-8293-0608C8BD7341}.Release|Any CPU.Build.0 = Release|Any CPU
		{37710D4C-DC9B-4E1C-8AE2-904DF797A930}.Debug|Any CPU.ActiveCfg = Debug|Any CPU
		{37710D4C-DC9B-4E1C-8AE2-904DF797A930}.Debug|Any CPU.Build.0 = Debug|Any CPU
		{37710D4C-DC9B-4E1C-8AE2-904DF797A930}.Release|Any CPU.ActiveCfg = Release|Any CPU
		{37710D4C-DC9B-4E1C-8AE2-904DF797A930}.Release|Any CPU.Build.0 = Release|Any CPU
	EndGlobalSection
	GlobalSection(SolutionProperties) = preSolution
		HideSolutionNode = FALSE
	EndGlobalSection
	GlobalSection(NestedProjects) = preSolution
		{DDFC588B-C1A8-4FEE-92DD-90699EAA6CF3} = {BC9D6E40-3985-4AE4-A07D-45C5CA877A6C}
		{7F0C3B15-2D9E-4A2B-BC0E-4AC77D354F7D} = {1BC6E358-063D-4E53-A821-27E1F8E0886D}
		{315753C2-F1AC-4BD0-B0A4-2266C903B9E2} = {1BC6E358-063D-4E53-A821-27E1F8E0886D}
		{D97746F8-3830-4009-8B63-7BFA423E94E1} = {1BC6E358-063D-4E53-A821-27E1F8E0886D}
		{56634B73-CB21-4AFC-8D7E-3BA510D4AD0A} = {1BC6E358-063D-4E53-A821-27E1F8E0886D}
		{80705126-55FB-4F48-B691-FB644F107B58} = {1BC6E358-063D-4E53-A821-27E1F8E0886D}
		{EC227BE6-8CA0-4425-B9E3-D44B74096F73} = {1BC6E358-063D-4E53-A821-27E1F8E0886D}
		{746CBDBD-5769-4DE8-B118-F89724FDD114} = {EC227BE6-8CA0-4425-B9E3-D44B74096F73}
		{6309A38A-C2B8-4FFA-87B4-EFB97A6F6E53} = {315753C2-F1AC-4BD0-B0A4-2266C903B9E2}
		{B079E4B5-6AD6-4EEA-924C-F2FD5AAD59E3} = {D97746F8-3830-4009-8B63-7BFA423E94E1}
		{F40829B6-079D-4CF2-9A8D-849C5C12C793} = {56634B73-CB21-4AFC-8D7E-3BA510D4AD0A}
		{722F657A-6283-49BE-A245-E76894C58BC0} = {56634B73-CB21-4AFC-8D7E-3BA510D4AD0A}
		{D3AA335C-44B1-4171-8593-9EA781BB6E3B} = {56634B73-CB21-4AFC-8D7E-3BA510D4AD0A}
		{BBE6CE3B-4448-4BF0-9188-DA53C0ED89DA} = {56634B73-CB21-4AFC-8D7E-3BA510D4AD0A}
		{275F423C-5776-4493-800F-2143C40E7FE7} = {D97746F8-3830-4009-8B63-7BFA423E94E1}
		{D1B71194-7A3D-44A1-B013-A1F239DC9949} = {D97746F8-3830-4009-8B63-7BFA423E94E1}
		{9537335A-C881-4D7B-AC53-82A8EC3528C9} = {80705126-55FB-4F48-B691-FB644F107B58}
		{7B99757A-59CB-44D2-879B-A89AE718CA73} = {80705126-55FB-4F48-B691-FB644F107B58}
		{6B302A66-F1DD-4ADB-8E73-313D5FD75A59} = {80705126-55FB-4F48-B691-FB644F107B58}
		{CC767809-352B-4ED5-A029-BFF04FCDCE7E} = {D97746F8-3830-4009-8B63-7BFA423E94E1}
		{E42B2BD7-BA65-4F4E-82DC-E7966CAD0F2E} = {80705126-55FB-4F48-B691-FB644F107B58}
		{C37F5FA2-6824-46E8-B220-D413BD5D2E41} = {7F0C3B15-2D9E-4A2B-BC0E-4AC77D354F7D}
		{95A0D264-C669-449C-B4A7-38E4352771AD} = {7F0C3B15-2D9E-4A2B-BC0E-4AC77D354F7D}
		{1F4EBD4E-99FD-4E6D-AC9A-27AA412014E8} = {7F0C3B15-2D9E-4A2B-BC0E-4AC77D354F7D}
		{CCD97DB9-625C-427F-9235-7BA9F76DA3A0} = {7C9C8983-3523-498D-88A7-C70BC8583460}
		{FB6260C3-0D6A-4064-8408-8C724D26CA4B} = {6EADE939-5BF7-4411-8D91-8CA47E538477}
		{D8AF897A-1AF5-42FD-92B0-5717B8193BFA} = {CCD97DB9-625C-427F-9235-7BA9F76DA3A0}
		{4F779D6A-FCA1-4092-8CB1-665082608CAF} = {CCD97DB9-625C-427F-9235-7BA9F76DA3A0}
		{FC9D98A5-6415-4695-B75D-811D11A322F7} = {CCD97DB9-625C-427F-9235-7BA9F76DA3A0}
		{B8AE0406-1CC6-451A-A6F3-A41075B6E850} = {CCD97DB9-625C-427F-9235-7BA9F76DA3A0}
		{E320D7C2-D725-4983-80F8-55558A33912D} = {CCD97DB9-625C-427F-9235-7BA9F76DA3A0}
		{EEDF7AB6-5E9C-46F3-BC5D-B99466D372FF} = {001C0DF9-D213-45B7-A234-BBCA4473C532}
		{139DF53F-A8C0-492E-8324-58DA2CA0EBF6} = {001C0DF9-D213-45B7-A234-BBCA4473C532}
		{394FBF93-343D-4E1A-BEB8-40E29BA5E569} = {001C0DF9-D213-45B7-A234-BBCA4473C532}
		{D37195D5-007F-42E7-93D2-F91BECB3FCF6} = {001C0DF9-D213-45B7-A234-BBCA4473C532}
		{4FF4DB25-81B6-4D62-9B10-5B38197F11EC} = {001C0DF9-D213-45B7-A234-BBCA4473C532}
		{5858AE43-921A-4E1C-B1A8-AA5EFF21C558} = {001C0DF9-D213-45B7-A234-BBCA4473C532}
		{3312CEC0-61DC-46CB-A7B2-89CC9F8F7C07} = {CCD97DB9-625C-427F-9235-7BA9F76DA3A0}
		{A87C8235-16F2-4B7C-A151-E3052035D4B0} = {001C0DF9-D213-45B7-A234-BBCA4473C532}
		{4C0A12CF-F514-4641-9201-ED502528FBF7} = {7C9C8983-3523-498D-88A7-C70BC8583460}
		{BD2B787E-7B8E-430C-A2B8-FEF73BF85834} = {4C0A12CF-F514-4641-9201-ED502528FBF7}
		{B9911C81-8E1D-45E9-87B3-143FF13E6966} = {7C9C8983-3523-498D-88A7-C70BC8583460}
		{A52F0D37-91CC-4C04-8AB4-9DB1085D67FF} = {B9911C81-8E1D-45E9-87B3-143FF13E6966}
		{A77AE9AB-4E93-42BB-B4A5-37B3351C7BE0} = {315753C2-F1AC-4BD0-B0A4-2266C903B9E2}
		{C9F34FB3-47CD-484A-8C20-F1674AD0CB16} = {80705126-55FB-4F48-B691-FB644F107B58}
		{F69BE848-557F-4F50-965E-2A132F36DE6A} = {56634B73-CB21-4AFC-8D7E-3BA510D4AD0A}
		{BEE31207-29C2-4109-9356-4E05304D8350} = {7F0C3B15-2D9E-4A2B-BC0E-4AC77D354F7D}
		{A6154527-DCE0-4AD7-BF4F-78651BF7CB4F} = {D97746F8-3830-4009-8B63-7BFA423E94E1}
		{E6AC1221-D608-4030-A530-D6F32A3A691E} = {D97746F8-3830-4009-8B63-7BFA423E94E1}
		{B37460B9-9A6B-4086-BC98-6224817FACBA} = {7F0C3B15-2D9E-4A2B-BC0E-4AC77D354F7D}
		{0F7633DA-C265-4A5C-856C-10D36B5188A0} = {80705126-55FB-4F48-B691-FB644F107B58}
		{47FF511E-AA7A-4F06-8F89-0BD631B99F49} = {56634B73-CB21-4AFC-8D7E-3BA510D4AD0A}
		{E71A195C-538B-46CE-8293-0608C8BD7341} = {56634B73-CB21-4AFC-8D7E-3BA510D4AD0A}
		{37710D4C-DC9B-4E1C-8AE2-904DF797A930} = {D97746F8-3830-4009-8B63-7BFA423E94E1}
	EndGlobalSection
	GlobalSection(ExtensibilityGlobals) = postSolution
		SolutionGuid = {E147E01D-F136-4C85-B72F-8558AF9F9EB2}
	EndGlobalSection
EndGlobal
